// !$*UTF8*$!
{
	archiveVersion = 1;
	classes = {
	};
	objectVersion = 50;
	objects = {

/* Begin PBXBuildFile section */
		DC285563228C9C0E006B4571 /* BattleshipNetwork.swift in Sources */ = {isa = PBXBuildFile; fileRef = DC285562228C9C0E006B4571 /* BattleshipNetwork.swift */; };
		DCC84C252275EA2B00BA0668 /* AppDelegate.swift in Sources */ = {isa = PBXBuildFile; fileRef = DCC84C242275EA2B00BA0668 /* AppDelegate.swift */; };
		DCC84C2B2275EA2B00BA0668 /* PlacementScene.swift in Sources */ = {isa = PBXBuildFile; fileRef = DCC84C2A2275EA2B00BA0668 /* PlacementScene.swift */; };
		DCC84C2D2275EA2B00BA0668 /* GameViewController.swift in Sources */ = {isa = PBXBuildFile; fileRef = DCC84C2C2275EA2B00BA0668 /* GameViewController.swift */; };
		DCC84C302275EA2B00BA0668 /* Main.storyboard in Resources */ = {isa = PBXBuildFile; fileRef = DCC84C2E2275EA2B00BA0668 /* Main.storyboard */; };
		DCC84C322275EA2E00BA0668 /* Assets.xcassets in Resources */ = {isa = PBXBuildFile; fileRef = DCC84C312275EA2E00BA0668 /* Assets.xcassets */; };
		DCC84C352275EA2E00BA0668 /* LaunchScreen.storyboard in Resources */ = {isa = PBXBuildFile; fileRef = DCC84C332275EA2E00BA0668 /* LaunchScreen.storyboard */; };
		DCC84C842276B1DF00BA0668 /* Array2D.swift in Sources */ = {isa = PBXBuildFile; fileRef = DCC84C832276B1DF00BA0668 /* Array2D.swift */; };
		DCC84C8A2276B40500BA0668 /* BattleshipDelegate.swift in Sources */ = {isa = PBXBuildFile; fileRef = DCC84C892276B40500BA0668 /* BattleshipDelegate.swift */; };
		DCC84C8E2277801F00BA0668 /* Board.swift in Sources */ = {isa = PBXBuildFile; fileRef = DCC84C8D2277801F00BA0668 /* Board.swift */; };
		DCC84C922278038400BA0668 /* Ship.swift in Sources */ = {isa = PBXBuildFile; fileRef = DCC84C912278038400BA0668 /* Ship.swift */; };
		DCC84C9422796DDB00BA0668 /* GameScene.swift in Sources */ = {isa = PBXBuildFile; fileRef = DCC84C9322796DDB00BA0668 /* GameScene.swift */; };
		DCC84C9622798F0200BA0668 /* BoardView.swift in Sources */ = {isa = PBXBuildFile; fileRef = DCC84C9522798F0200BA0668 /* BoardView.swift */; };
		DCC84C98227995DA00BA0668 /* ShipView.swift in Sources */ = {isa = PBXBuildFile; fileRef = DCC84C97227995DA00BA0668 /* ShipView.swift */; };
		DCC84C9A2279D3A800BA0668 /* GameOverScene.swift in Sources */ = {isa = PBXBuildFile; fileRef = DCC84C992279D3A800BA0668 /* GameOverScene.swift */; };
		DCC84C9C2279EF7100BA0668 /* MatchMakingScene.swift in Sources */ = {isa = PBXBuildFile; fileRef = DCC84C9B2279EF7100BA0668 /* MatchMakingScene.swift */; };
		DCC84CA0227A090500BA0668 /* LocalNetworking.swift in Sources */ = {isa = PBXBuildFile; fileRef = DCC84C9F227A090500BA0668 /* LocalNetworking.swift */; };
		DCC84CA2227A0EA000BA0668 /* AIPlayer.swift in Sources */ = {isa = PBXBuildFile; fileRef = DCC84CA1227A0EA000BA0668 /* AIPlayer.swift */; };
		DCC84CA4227A0EB100BA0668 /* Player.swift in Sources */ = {isa = PBXBuildFile; fileRef = DCC84CA3227A0EB100BA0668 /* Player.swift */; };
		DCC84CA6227D648000BA0668 /* NetworkPlayer.swift in Sources */ = {isa = PBXBuildFile; fileRef = DCC84CA5227D648000BA0668 /* NetworkPlayer.swift */; };
/* End PBXBuildFile section */

/* Begin PBXFileReference section */
		DC285562228C9C0E006B4571 /* BattleshipNetwork.swift */ = {isa = PBXFileReference; lastKnownFileType = sourcecode.swift; path = BattleshipNetwork.swift; sourceTree = "<group>"; };
		DCC84C212275EA2B00BA0668 /* Battleship.app */ = {isa = PBXFileReference; explicitFileType = wrapper.application; includeInIndex = 0; path = Battleship.app; sourceTree = BUILT_PRODUCTS_DIR; };
		DCC84C242275EA2B00BA0668 /* AppDelegate.swift */ = {isa = PBXFileReference; lastKnownFileType = sourcecode.swift; path = AppDelegate.swift; sourceTree = "<group>"; };
		DCC84C2A2275EA2B00BA0668 /* PlacementScene.swift */ = {isa = PBXFileReference; lastKnownFileType = sourcecode.swift; path = PlacementScene.swift; sourceTree = "<group>"; };
		DCC84C2C2275EA2B00BA0668 /* GameViewController.swift */ = {isa = PBXFileReference; lastKnownFileType = sourcecode.swift; path = GameViewController.swift; sourceTree = "<group>"; };
		DCC84C2F2275EA2B00BA0668 /* Base */ = {isa = PBXFileReference; lastKnownFileType = file.storyboard; name = Base; path = Base.lproj/Main.storyboard; sourceTree = "<group>"; };
		DCC84C312275EA2E00BA0668 /* Assets.xcassets */ = {isa = PBXFileReference; lastKnownFileType = folder.assetcatalog; path = Assets.xcassets; sourceTree = "<group>"; };
		DCC84C342275EA2E00BA0668 /* Base */ = {isa = PBXFileReference; lastKnownFileType = file.storyboard; name = Base; path = Base.lproj/LaunchScreen.storyboard; sourceTree = "<group>"; };
		DCC84C362275EA2E00BA0668 /* Info.plist */ = {isa = PBXFileReference; lastKnownFileType = text.plist.xml; path = Info.plist; sourceTree = "<group>"; };
		DCC84C832276B1DF00BA0668 /* Array2D.swift */ = {isa = PBXFileReference; lastKnownFileType = sourcecode.swift; path = Array2D.swift; sourceTree = "<group>"; };
		DCC84C892276B40500BA0668 /* BattleshipDelegate.swift */ = {isa = PBXFileReference; lastKnownFileType = sourcecode.swift; path = BattleshipDelegate.swift; sourceTree = "<group>"; };
		DCC84C8D2277801F00BA0668 /* Board.swift */ = {isa = PBXFileReference; fileEncoding = 4; lastKnownFileType = sourcecode.swift; path = Board.swift; sourceTree = "<group>"; };
		DCC84C912278038400BA0668 /* Ship.swift */ = {isa = PBXFileReference; lastKnownFileType = sourcecode.swift; path = Ship.swift; sourceTree = "<group>"; };
		DCC84C9322796DDB00BA0668 /* GameScene.swift */ = {isa = PBXFileReference; lastKnownFileType = sourcecode.swift; path = GameScene.swift; sourceTree = "<group>"; };
		DCC84C9522798F0200BA0668 /* BoardView.swift */ = {isa = PBXFileReference; lastKnownFileType = sourcecode.swift; path = BoardView.swift; sourceTree = "<group>"; };
		DCC84C97227995DA00BA0668 /* ShipView.swift */ = {isa = PBXFileReference; lastKnownFileType = sourcecode.swift; path = ShipView.swift; sourceTree = "<group>"; };
		DCC84C992279D3A800BA0668 /* GameOverScene.swift */ = {isa = PBXFileReference; lastKnownFileType = sourcecode.swift; path = GameOverScene.swift; sourceTree = "<group>"; };
		DCC84C9B2279EF7100BA0668 /* MatchMakingScene.swift */ = {isa = PBXFileReference; lastKnownFileType = sourcecode.swift; path = MatchMakingScene.swift; sourceTree = "<group>"; };
		DCC84C9F227A090500BA0668 /* LocalNetworking.swift */ = {isa = PBXFileReference; lastKnownFileType = sourcecode.swift; path = LocalNetworking.swift; sourceTree = "<group>"; };
		DCC84CA1227A0EA000BA0668 /* AIPlayer.swift */ = {isa = PBXFileReference; lastKnownFileType = sourcecode.swift; path = AIPlayer.swift; sourceTree = "<group>"; };
		DCC84CA3227A0EB100BA0668 /* Player.swift */ = {isa = PBXFileReference; lastKnownFileType = sourcecode.swift; path = Player.swift; sourceTree = "<group>"; };
		DCC84CA5227D648000BA0668 /* NetworkPlayer.swift */ = {isa = PBXFileReference; lastKnownFileType = sourcecode.swift; path = NetworkPlayer.swift; sourceTree = "<group>"; };
/* End PBXFileReference section */

/* Begin PBXFrameworksBuildPhase section */
		DCC84C1E2275EA2B00BA0668 /* Frameworks */ = {
			isa = PBXFrameworksBuildPhase;
			buildActionMask = 2147483647;
			files = (
			);
			runOnlyForDeploymentPostprocessing = 0;
		};
/* End PBXFrameworksBuildPhase section */

/* Begin PBXGroup section */
		DCC84C182275EA2B00BA0668 = {
			isa = PBXGroup;
			children = (
				DCC84C232275EA2B00BA0668 /* Battleship */,
				DCC84C222275EA2B00BA0668 /* Products */,
			);
			sourceTree = "<group>";
		};
		DCC84C222275EA2B00BA0668 /* Products */ = {
			isa = PBXGroup;
			children = (
				DCC84C212275EA2B00BA0668 /* Battleship.app */,
			);
			name = Products;
			sourceTree = "<group>";
		};
		DCC84C232275EA2B00BA0668 /* Battleship */ = {
			isa = PBXGroup;
			children = (
				DCC84CA1227A0EA000BA0668 /* AIPlayer.swift */,
				DCC84C242275EA2B00BA0668 /* AppDelegate.swift */,
				DCC84C832276B1DF00BA0668 /* Array2D.swift */,
				DCC84C892276B40500BA0668 /* BattleshipDelegate.swift */,
				DCC84C8D2277801F00BA0668 /* Board.swift */,
				DCC84C9522798F0200BA0668 /* BoardView.swift */,
				DCC84C992279D3A800BA0668 /* GameOverScene.swift */,
				DCC84C9322796DDB00BA0668 /* GameScene.swift */,
				DCC84C2C2275EA2B00BA0668 /* GameViewController.swift */,
				DCC84C332275EA2E00BA0668 /* LaunchScreen.storyboard */,
				DCC84C9F227A090500BA0668 /* LocalNetworking.swift */,
				DCC84C2E2275EA2B00BA0668 /* Main.storyboard */,
				DCC84C9B2279EF7100BA0668 /* MatchMakingScene.swift */,
				DCC84CA5227D648000BA0668 /* NetworkPlayer.swift */,
				DC285562228C9C0E006B4571 /* BattleshipNetwork.swift */,
				DCC84C2A2275EA2B00BA0668 /* PlacementScene.swift */,
				DCC84CA3227A0EB100BA0668 /* Player.swift */,
				DCC84C912278038400BA0668 /* Ship.swift */,
				DCC84C97227995DA00BA0668 /* ShipView.swift */,
				DCC84C362275EA2E00BA0668 /* Info.plist */,
				DCC84C312275EA2E00BA0668 /* Assets.xcassets */,
			);
			path = Battleship;
			sourceTree = "<group>";
		};
/* End PBXGroup section */

/* Begin PBXNativeTarget section */
		DCC84C202275EA2B00BA0668 /* Battleship */ = {
			isa = PBXNativeTarget;
			buildConfigurationList = DCC84C392275EA2E00BA0668 /* Build configuration list for PBXNativeTarget "Battleship" */;
			buildPhases = (
				DCC84C1D2275EA2B00BA0668 /* Sources */,
				DCC84C1E2275EA2B00BA0668 /* Frameworks */,
				DCC84C1F2275EA2B00BA0668 /* Resources */,
			);
			buildRules = (
			);
			dependencies = (
			);
			name = Battleship;
			productName = Battleship;
			productReference = DCC84C212275EA2B00BA0668 /* Battleship.app */;
			productType = "com.apple.product-type.application";
		};
/* End PBXNativeTarget section */

/* Begin PBXProject section */
		DCC84C192275EA2B00BA0668 /* Project object */ = {
			isa = PBXProject;
			attributes = {
				LastSwiftUpdateCheck = 1010;
				LastUpgradeCheck = 1010;
				ORGANIZATIONNAME = "Erland Isaksson";
				TargetAttributes = {
					DCC84C202275EA2B00BA0668 = {
						CreatedOnToolsVersion = 10.1;
					};
				};
			};
			buildConfigurationList = DCC84C1C2275EA2B00BA0668 /* Build configuration list for PBXProject "Battleship" */;
			compatibilityVersion = "Xcode 9.3";
			developmentRegion = en;
			hasScannedForEncodings = 0;
			knownRegions = (
				en,
				Base,
			);
			mainGroup = DCC84C182275EA2B00BA0668;
			productRefGroup = DCC84C222275EA2B00BA0668 /* Products */;
			projectDirPath = "";
			projectRoot = "";
			targets = (
				DCC84C202275EA2B00BA0668 /* Battleship */,
			);
		};
/* End PBXProject section */

/* Begin PBXResourcesBuildPhase section */
		DCC84C1F2275EA2B00BA0668 /* Resources */ = {
			isa = PBXResourcesBuildPhase;
			buildActionMask = 2147483647;
			files = (
				DCC84C302275EA2B00BA0668 /* Main.storyboard in Resources */,
				DCC84C322275EA2E00BA0668 /* Assets.xcassets in Resources */,
				DCC84C352275EA2E00BA0668 /* LaunchScreen.storyboard in Resources */,
			);
			runOnlyForDeploymentPostprocessing = 0;
		};
/* End PBXResourcesBuildPhase section */

/* Begin PBXSourcesBuildPhase section */
		DCC84C1D2275EA2B00BA0668 /* Sources */ = {
			isa = PBXSourcesBuildPhase;
			buildActionMask = 2147483647;
			files = (
				DC285563228C9C0E006B4571 /* BattleshipNetwork.swift in Sources */,
				DCC84C98227995DA00BA0668 /* ShipView.swift in Sources */,
				DCC84C9622798F0200BA0668 /* BoardView.swift in Sources */,
				DCC84C9422796DDB00BA0668 /* GameScene.swift in Sources */,
				DCC84C8A2276B40500BA0668 /* BattleshipDelegate.swift in Sources */,
				DCC84C2B2275EA2B00BA0668 /* PlacementScene.swift in Sources */,
				DCC84C842276B1DF00BA0668 /* Array2D.swift in Sources */,
				DCC84C922278038400BA0668 /* Ship.swift in Sources */,
				DCC84C9A2279D3A800BA0668 /* GameOverScene.swift in Sources */,
				DCC84CA6227D648000BA0668 /* NetworkPlayer.swift in Sources */,
				DCC84C9C2279EF7100BA0668 /* MatchMakingScene.swift in Sources */,
				DCC84C2D2275EA2B00BA0668 /* GameViewController.swift in Sources */,
				DCC84CA0227A090500BA0668 /* LocalNetworking.swift in Sources */,
				DCC84C8E2277801F00BA0668 /* Board.swift in Sources */,
				DCC84CA2227A0EA000BA0668 /* AIPlayer.swift in Sources */,
				DCC84CA4227A0EB100BA0668 /* Player.swift in Sources */,
				DCC84C252275EA2B00BA0668 /* AppDelegate.swift in Sources */,
			);
			runOnlyForDeploymentPostprocessing = 0;
		};
/* End PBXSourcesBuildPhase section */

/* Begin PBXVariantGroup section */
		DCC84C2E2275EA2B00BA0668 /* Main.storyboard */ = {
			isa = PBXVariantGroup;
			children = (
				DCC84C2F2275EA2B00BA0668 /* Base */,
			);
			name = Main.storyboard;
			sourceTree = "<group>";
		};
		DCC84C332275EA2E00BA0668 /* LaunchScreen.storyboard */ = {
			isa = PBXVariantGroup;
			children = (
				DCC84C342275EA2E00BA0668 /* Base */,
			);
			name = LaunchScreen.storyboard;
			sourceTree = "<group>";
		};
/* End PBXVariantGroup section */

/* Begin XCBuildConfiguration section */
		DCC84C372275EA2E00BA0668 /* Debug */ = {
			isa = XCBuildConfiguration;
			buildSettings = {
				ALWAYS_SEARCH_USER_PATHS = NO;
				CLANG_ANALYZER_NONNULL = YES;
				CLANG_ANALYZER_NUMBER_OBJECT_CONVERSION = YES_AGGRESSIVE;
				CLANG_CXX_LANGUAGE_STANDARD = "gnu++14";
				CLANG_CXX_LIBRARY = "libc++";
				CLANG_ENABLE_MODULES = YES;
				CLANG_ENABLE_OBJC_ARC = YES;
				CLANG_ENABLE_OBJC_WEAK = YES;
				CLANG_WARN_BLOCK_CAPTURE_AUTORELEASING = YES;
				CLANG_WARN_BOOL_CONVERSION = YES;
				CLANG_WARN_COMMA = YES;
				CLANG_WARN_CONSTANT_CONVERSION = YES;
				CLANG_WARN_DEPRECATED_OBJC_IMPLEMENTATIONS = YES;
				CLANG_WARN_DIRECT_OBJC_ISA_USAGE = YES_ERROR;
				CLANG_WARN_DOCUMENTATION_COMMENTS = YES;
				CLANG_WARN_EMPTY_BODY = YES;
				CLANG_WARN_ENUM_CONVERSION = YES;
				CLANG_WARN_INFINITE_RECURSION = YES;
				CLANG_WARN_INT_CONVERSION = YES;
				CLANG_WARN_NON_LITERAL_NULL_CONVERSION = YES;
				CLANG_WARN_OBJC_IMPLICIT_RETAIN_SELF = YES;
				CLANG_WARN_OBJC_LITERAL_CONVERSION = YES;
				CLANG_WARN_OBJC_ROOT_CLASS = YES_ERROR;
				CLANG_WARN_RANGE_LOOP_ANALYSIS = YES;
				CLANG_WARN_STRICT_PROTOTYPES = YES;
				CLANG_WARN_SUSPICIOUS_MOVE = YES;
				CLANG_WARN_UNGUARDED_AVAILABILITY = YES_AGGRESSIVE;
				CLANG_WARN_UNREACHABLE_CODE = YES;
				CLANG_WARN__DUPLICATE_METHOD_MATCH = YES;
				CODE_SIGN_IDENTITY = "iPhone Developer";
				COPY_PHASE_STRIP = NO;
				DEBUG_INFORMATION_FORMAT = dwarf;
				ENABLE_STRICT_OBJC_MSGSEND = YES;
				ENABLE_TESTABILITY = YES;
				GCC_C_LANGUAGE_STANDARD = gnu11;
				GCC_DYNAMIC_NO_PIC = NO;
				GCC_NO_COMMON_BLOCKS = YES;
				GCC_OPTIMIZATION_LEVEL = 0;
				GCC_PREPROCESSOR_DEFINITIONS = (
					"DEBUG=1",
					"$(inherited)",
				);
				GCC_WARN_64_TO_32_BIT_CONVERSION = YES;
				GCC_WARN_ABOUT_RETURN_TYPE = YES_ERROR;
				GCC_WARN_UNDECLARED_SELECTOR = YES;
				GCC_WARN_UNINITIALIZED_AUTOS = YES_AGGRESSIVE;
				GCC_WARN_UNUSED_FUNCTION = YES;
				GCC_WARN_UNUSED_VARIABLE = YES;
				IPHONEOS_DEPLOYMENT_TARGET = 12.1;
				MTL_ENABLE_DEBUG_INFO = INCLUDE_SOURCE;
				MTL_FAST_MATH = YES;
				ONLY_ACTIVE_ARCH = YES;
				SDKROOT = iphoneos;
				SWIFT_ACTIVE_COMPILATION_CONDITIONS = DEBUG;
				SWIFT_OPTIMIZATION_LEVEL = "-Onone";
			};
			name = Debug;
		};
		DCC84C382275EA2E00BA0668 /* Release */ = {
			isa = XCBuildConfiguration;
			buildSettings = {
				ALWAYS_SEARCH_USER_PATHS = NO;
				CLANG_ANALYZER_NONNULL = YES;
				CLANG_ANALYZER_NUMBER_OBJECT_CONVERSION = YES_AGGRESSIVE;
				CLANG_CXX_LANGUAGE_STANDARD = "gnu++14";
				CLANG_CXX_LIBRARY = "libc++";
				CLANG_ENABLE_MODULES = YES;
				CLANG_ENABLE_OBJC_ARC = YES;
				CLANG_ENABLE_OBJC_WEAK = YES;
				CLANG_WARN_BLOCK_CAPTURE_AUTORELEASING = YES;
				CLANG_WARN_BOOL_CONVERSION = YES;
				CLANG_WARN_COMMA = YES;
				CLANG_WARN_CONSTANT_CONVERSION = YES;
				CLANG_WARN_DEPRECATED_OBJC_IMPLEMENTATIONS = YES;
				CLANG_WARN_DIRECT_OBJC_ISA_USAGE = YES_ERROR;
				CLANG_WARN_DOCUMENTATION_COMMENTS = YES;
				CLANG_WARN_EMPTY_BODY = YES;
				CLANG_WARN_ENUM_CONVERSION = YES;
				CLANG_WARN_INFINITE_RECURSION = YES;
				CLANG_WARN_INT_CONVERSION = YES;
				CLANG_WARN_NON_LITERAL_NULL_CONVERSION = YES;
				CLANG_WARN_OBJC_IMPLICIT_RETAIN_SELF = YES;
				CLANG_WARN_OBJC_LITERAL_CONVERSION = YES;
				CLANG_WARN_OBJC_ROOT_CLASS = YES_ERROR;
				CLANG_WARN_RANGE_LOOP_ANALYSIS = YES;
				CLANG_WARN_STRICT_PROTOTYPES = YES;
				CLANG_WARN_SUSPICIOUS_MOVE = YES;
				CLANG_WARN_UNGUARDED_AVAILABILITY = YES_AGGRESSIVE;
				CLANG_WARN_UNREACHABLE_CODE = YES;
				CLANG_WARN__DUPLICATE_METHOD_MATCH = YES;
				CODE_SIGN_IDENTITY = "iPhone Developer";
				COPY_PHASE_STRIP = NO;
				DEBUG_INFORMATION_FORMAT = "dwarf-with-dsym";
				ENABLE_NS_ASSERTIONS = NO;
				ENABLE_STRICT_OBJC_MSGSEND = YES;
				GCC_C_LANGUAGE_STANDARD = gnu11;
				GCC_NO_COMMON_BLOCKS = YES;
				GCC_WARN_64_TO_32_BIT_CONVERSION = YES;
				GCC_WARN_ABOUT_RETURN_TYPE = YES_ERROR;
				GCC_WARN_UNDECLARED_SELECTOR = YES;
				GCC_WARN_UNINITIALIZED_AUTOS = YES_AGGRESSIVE;
				GCC_WARN_UNUSED_FUNCTION = YES;
				GCC_WARN_UNUSED_VARIABLE = YES;
				IPHONEOS_DEPLOYMENT_TARGET = 12.1;
				MTL_ENABLE_DEBUG_INFO = NO;
				MTL_FAST_MATH = YES;
				SDKROOT = iphoneos;
				SWIFT_COMPILATION_MODE = wholemodule;
				SWIFT_OPTIMIZATION_LEVEL = "-O";
				VALIDATE_PRODUCT = YES;
			};
			name = Release;
		};
		DCC84C3A2275EA2E00BA0668 /* Debug */ = {
			isa = XCBuildConfiguration;
			buildSettings = {
				ASSETCATALOG_COMPILER_APPICON_NAME = AppIcon;
				CODE_SIGN_IDENTITY = "iPhone Developer";
				CODE_SIGN_STYLE = Automatic;
				DEVELOPMENT_TEAM = 6R6NEH26ZQ;
				INFOPLIST_FILE = Battleship/Info.plist;
				LD_RUNPATH_SEARCH_PATHS = (
					"$(inherited)",
					"@executable_path/Frameworks",
				);
				PRODUCT_BUNDLE_IDENTIFIER = "info.isaksson.erland.Battleship-beta";
				PRODUCT_NAME = "$(TARGET_NAME)";
				PROVISIONING_PROFILE_SPECIFIER = "";
				SWIFT_VERSION = 4.2;
				TARGETED_DEVICE_FAMILY = "1,2";
			};
			name = Debug;
		};
		DCC84C3B2275EA2E00BA0668 /* Release */ = {
			isa = XCBuildConfiguration;
			buildSettings = {
				ASSETCATALOG_COMPILER_APPICON_NAME = AppIcon;
				CODE_SIGN_IDENTITY = "iPhone Developer";
				CODE_SIGN_STYLE = Automatic;
				DEVELOPMENT_TEAM = 6R6NEH26ZQ;
				INFOPLIST_FILE = Battleship/Info.plist;
				LD_RUNPATH_SEARCH_PATHS = (
					"$(inherited)",
					"@executable_path/Frameworks",
				);
				PRODUCT_BUNDLE_IDENTIFIER = "info.isaksson.erland.Battleship-beta";
				PRODUCT_NAME = "$(TARGET_NAME)";
				PROVISIONING_PROFILE_SPECIFIER = "";
				SWIFT_VERSION = 4.2;
				TARGETED_DEVICE_FAMILY = "1,2";
			};
			name = Release;
		};
/* End XCBuildConfiguration section */

/* Begin XCConfigurationList section */
		DCC84C1C2275EA2B00BA0668 /* Build configuration list for PBXProject "Battleship" */ = {
			isa = XCConfigurationList;
			buildConfigurations = (
				DCC84C372275EA2E00BA0668 /* Debug */,
				DCC84C382275EA2E00BA0668 /* Release */,
			);
			defaultConfigurationIsVisible = 0;
			defaultConfigurationName = Release;
		};
		DCC84C392275EA2E00BA0668 /* Build configuration list for PBXNativeTarget "Battleship" */ = {
			isa = XCConfigurationList;
			buildConfigurations = (
				DCC84C3A2275EA2E00BA0668 /* Debug */,
				DCC84C3B2275EA2E00BA0668 /* Release */,
			);
			defaultConfigurationIsVisible = 0;
			defaultConfigurationName = Release;
		};
/* End XCConfigurationList section */
	};
	rootObject = DCC84C192275EA2B00BA0668 /* Project object */;
}
